Microsoft Visual Studio Solution File, Format Version 12.00
# Visual Studio 15
VisualStudioVersion = 15.0.28307.106
MinimumVisualStudioVersion = 10.0.40219.1
Project("{FAE04EC0-301F-11D3-BF4B-00C04F79EFBC}") = "Cream Soda", "Cream Soda.csproj", "{6A74A1B2-6315-4C0E-B044-04627DAECDCF}"
EndProject
Global
	GlobalSection(SolutionConfigurationPlatforms) = preSolution
		Debug|Any CPU = Debug|Any CPU
		Release|Any CPU = Release|Any CPU
	EndGlobalSection
	GlobalSection(ProjectConfigurationPlatforms) = postSolution
		{6A74A1B2-6315-4C0E-B044-04627DAECDCF}.Debug|Any CPU.ActiveCfg = Debug|Any CPU
		{6A74A1B2-6315-4C0E-B044-04627DAECDCF}.Debug|Any CPU.Build.0 = Debug|Any CPU
		{6A74A1B2-6315-4C0E-B044-04627DAECDCF}.Release|Any CPU.ActiveCfg = Release|Any CPU
		{6A74A1B2-6315-4C0E-B044-04627DAECDCF}.Release|Any CPU.Build.0 = Release|Any CPU
	EndGlobalSection
	GlobalSection(SolutionProperties) = preSolution
		HideSolutionNode = FALSE
	EndGlobalSection
	GlobalSection(ExtensibilityGlobals) = postSolution
		SolutionGuid = {54454D32-F686-4046-A071-21D8BAE1CB80}
	EndGlobalSection
EndGlobal
